
Microsoft Visual Studio Solution File, Format Version 12.00
# Visual Studio 15
VisualStudioVersion = 15.0.27703.2018
MinimumVisualStudioVersion = 10.0.40219.1
Project("{9092AA53-FB77-4645-B42D-1CCCA6BD08BD}") = "DemoShop24", "DemoShop24\DemoShop24.njsproj", "{05456232-F437-4230-84AA-7E17AA062F02}"
EndProject
Global
	GlobalSection(SolutionConfigurationPlatforms) = preSolution
		Debug|Any CPU = Debug|Any CPU
		Release|Any CPU = Release|Any CPU
	EndGlobalSection
	GlobalSection(ProjectConfigurationPlatforms) = postSolution
		{05456232-F437-4230-84AA-7E17AA062F02}.Debug|Any CPU.ActiveCfg = Debug|Any CPU
		{05456232-F437-4230-84AA-7E17AA062F02}.Debug|Any CPU.Build.0 = Debug|Any CPU
		{05456232-F437-4230-84AA-7E17AA062F02}.Release|Any CPU.ActiveCfg = Release|Any CPU
		{05456232-F437-4230-84AA-7E17AA062F02}.Release|Any CPU.Build.0 = Release|Any CPU
	EndGlobalSection
	GlobalSection(SolutionProperties) = preSolution
		HideSolutionNode = FALSE
	EndGlobalSection
	GlobalSection(ExtensibilityGlobals) = postSolution
		SolutionGuid = {BD0FD45F-0D57-42F2-AA85-FFC40EF085E4}
	EndGlobalSection
EndGlobal
